// !$*UTF8*$!
{
	archiveVersion = 1;
	classes = {
	};
	objectVersion = 50;
	objects = {

/* Begin PBXBuildFile section */
		3FD5F7A521C7F18600024B5F /* AppDelegate.swift in Sources */ = {isa = PBXBuildFile; fileRef = 3FD5F7A421C7F18600024B5F /* AppDelegate.swift */; };
		3FD5F7A721C7F18600024B5F /* SignInViewController.swift in Sources */ = {isa = PBXBuildFile; fileRef = 3FD5F7A621C7F18600024B5F /* SignInViewController.swift */; };
		3FD5F7AA21C7F18600024B5F /* Main.storyboard in Resources */ = {isa = PBXBuildFile; fileRef = 3FD5F7A821C7F18600024B5F /* Main.storyboard */; };
		3FD5F7AD21C7F18600024B5F /* SignedInTunes.xcdatamodeld in Sources */ = {isa = PBXBuildFile; fileRef = 3FD5F7AB21C7F18600024B5F /* SignedInTunes.xcdatamodeld */; };
		3FD5F7AF21C7F18700024B5F /* Assets.xcassets in Resources */ = {isa = PBXBuildFile; fileRef = 3FD5F7AE21C7F18700024B5F /* Assets.xcassets */; };
		3FD5F7B221C7F18700024B5F /* LaunchScreen.storyboard in Resources */ = {isa = PBXBuildFile; fileRef = 3FD5F7B021C7F18700024B5F /* LaunchScreen.storyboard */; };
		3FD5F7BF21C7F3F200024B5F /* MusicTableViewController.m in Sources */ = {isa = PBXBuildFile; fileRef = 3FD5F7BE21C7F3F200024B5F /* MusicTableViewController.m */; };
		3FD5F7C321C7F5CA00024B5F /* WebserviceManager.m in Sources */ = {isa = PBXBuildFile; fileRef = 3FD5F7C221C7F5CA00024B5F /* WebserviceManager.m */; };
		3FD5F7C921C7F9F600024B5F /* Album+CoreDataClass.swift in Sources */ = {isa = PBXBuildFile; fileRef = 3FD5F7C521C7F9F600024B5F /* Album+CoreDataClass.swift */; };
		3FD5F7CA21C7F9F600024B5F /* Album+CoreDataProperties.swift in Sources */ = {isa = PBXBuildFile; fileRef = 3FD5F7C621C7F9F600024B5F /* Album+CoreDataProperties.swift */; };
		3FD5F7CB21C7F9F600024B5F /* User+CoreDataClass.swift in Sources */ = {isa = PBXBuildFile; fileRef = 3FD5F7C721C7F9F600024B5F /* User+CoreDataClass.swift */; };
		3FD5F7CC21C7F9F600024B5F /* User+CoreDataProperties.swift in Sources */ = {isa = PBXBuildFile; fileRef = 3FD5F7C821C7F9F600024B5F /* User+CoreDataProperties.swift */; };
		3FD5F7CF21C8022E00024B5F /* CoreDataManager.m in Sources */ = {isa = PBXBuildFile; fileRef = 3FD5F7CE21C8022E00024B5F /* CoreDataManager.m */; };
		3FD5F7F721C80D6A00024B5F /* MusicViewModel.swift in Sources */ = {isa = PBXBuildFile; fileRef = 3FD5F7F621C80D6A00024B5F /* MusicViewModel.swift */; };
/* End PBXBuildFile section */

/* Begin PBXFileReference section */
		3FD5F7A121C7F18600024B5F /* SignedInTunes.app */ = {isa = PBXFileReference; explicitFileType = wrapper.application; includeInIndex = 0; path = SignedInTunes.app; sourceTree = BUILT_PRODUCTS_DIR; };
		3FD5F7A421C7F18600024B5F /* AppDelegate.swift */ = {isa = PBXFileReference; lastKnownFileType = sourcecode.swift; path = AppDelegate.swift; sourceTree = "<group>"; };
		3FD5F7A621C7F18600024B5F /* SignInViewController.swift */ = {isa = PBXFileReference; lastKnownFileType = sourcecode.swift; path = SignInViewController.swift; sourceTree = "<group>"; };
		3FD5F7A921C7F18600024B5F /* Base */ = {isa = PBXFileReference; lastKnownFileType = file.storyboard; name = Base; path = Base.lproj/Main.storyboard; sourceTree = "<group>"; };
		3FD5F7AC21C7F18600024B5F /* SignedInTunes.xcdatamodel */ = {isa = PBXFileReference; lastKnownFileType = wrapper.xcdatamodel; path = SignedInTunes.xcdatamodel; sourceTree = "<group>"; };
		3FD5F7AE21C7F18700024B5F /* Assets.xcassets */ = {isa = PBXFileReference; lastKnownFileType = folder.assetcatalog; path = Assets.xcassets; sourceTree = "<group>"; };
		3FD5F7B121C7F18700024B5F /* Base */ = {isa = PBXFileReference; lastKnownFileType = file.storyboard; name = Base; path = Base.lproj/LaunchScreen.storyboard; sourceTree = "<group>"; };
		3FD5F7B321C7F18700024B5F /* Info.plist */ = {isa = PBXFileReference; lastKnownFileType = text.plist.xml; path = Info.plist; sourceTree = "<group>"; };
		3FD5F7BC21C7F3F200024B5F /* SignedInTunes-Bridging-Header.h */ = {isa = PBXFileReference; lastKnownFileType = sourcecode.c.h; path = "SignedInTunes-Bridging-Header.h"; sourceTree = "<group>"; };
		3FD5F7BD21C7F3F200024B5F /* MusicTableViewController.h */ = {isa = PBXFileReference; lastKnownFileType = sourcecode.c.h; path = MusicTableViewController.h; sourceTree = "<group>"; };
		3FD5F7BE21C7F3F200024B5F /* MusicTableViewController.m */ = {isa = PBXFileReference; lastKnownFileType = sourcecode.c.objc; path = MusicTableViewController.m; sourceTree = "<group>"; };
		3FD5F7C121C7F5CA00024B5F /* WebserviceManager.h */ = {isa = PBXFileReference; lastKnownFileType = sourcecode.c.h; path = WebserviceManager.h; sourceTree = "<group>"; };
		3FD5F7C221C7F5CA00024B5F /* WebserviceManager.m */ = {isa = PBXFileReference; lastKnownFileType = sourcecode.c.objc; path = WebserviceManager.m; sourceTree = "<group>"; };
		3FD5F7C521C7F9F600024B5F /* Album+CoreDataClass.swift */ = {isa = PBXFileReference; lastKnownFileType = sourcecode.swift; path = "Album+CoreDataClass.swift"; sourceTree = "<group>"; };
		3FD5F7C621C7F9F600024B5F /* Album+CoreDataProperties.swift */ = {isa = PBXFileReference; lastKnownFileType = sourcecode.swift; path = "Album+CoreDataProperties.swift"; sourceTree = "<group>"; };
		3FD5F7C721C7F9F600024B5F /* User+CoreDataClass.swift */ = {isa = PBXFileReference; lastKnownFileType = sourcecode.swift; path = "User+CoreDataClass.swift"; sourceTree = "<group>"; };
		3FD5F7C821C7F9F600024B5F /* User+CoreDataProperties.swift */ = {isa = PBXFileReference; lastKnownFileType = sourcecode.swift; path = "User+CoreDataProperties.swift"; sourceTree = "<group>"; };
		3FD5F7CD21C8022E00024B5F /* CoreDataManager.h */ = {isa = PBXFileReference; lastKnownFileType = sourcecode.c.h; path = CoreDataManager.h; sourceTree = "<group>"; };
		3FD5F7CE21C8022E00024B5F /* CoreDataManager.m */ = {isa = PBXFileReference; lastKnownFileType = sourcecode.c.objc; path = CoreDataManager.m; sourceTree = "<group>"; };
		3FD5F7F621C80D6A00024B5F /* MusicViewModel.swift */ = {isa = PBXFileReference; lastKnownFileType = sourcecode.swift; path = MusicViewModel.swift; sourceTree = "<group>"; };
/* End PBXFileReference section */

/* Begin PBXFrameworksBuildPhase section */
		3FD5F79E21C7F18600024B5F /* Frameworks */ = {
			isa = PBXFrameworksBuildPhase;
			buildActionMask = 2147483647;
			files = (
			);
			runOnlyForDeploymentPostprocessing = 0;
		};
/* End PBXFrameworksBuildPhase section */

/* Begin PBXGroup section */
		3FD5F79821C7F18600024B5F = {
			isa = PBXGroup;
			children = (
				3FD5F7A321C7F18600024B5F /* SignedInTunes */,
				3FD5F7A221C7F18600024B5F /* Products */,
			);
			sourceTree = "<group>";
		};
		3FD5F7A221C7F18600024B5F /* Products */ = {
			isa = PBXGroup;
			children = (
				3FD5F7A121C7F18600024B5F /* SignedInTunes.app */,
			);
			name = Products;
			sourceTree = "<group>";
		};
		3FD5F7A321C7F18600024B5F /* SignedInTunes */ = {
			isa = PBXGroup;
			children = (
				3FD5F7F521C80D3000024B5F /* ViewModel */,
				3FD5F7C421C7F9E200024B5F /* Model */,
				3FD5F7C021C7F5AC00024B5F /* Manager */,
				3FD5F7B921C7F34C00024B5F /* ViewController */,
				3FD5F7A421C7F18600024B5F /* AppDelegate.swift */,
				3FD5F7BC21C7F3F200024B5F /* SignedInTunes-Bridging-Header.h */,
				3FD5F7A821C7F18600024B5F /* Main.storyboard */,
				3FD5F7AE21C7F18700024B5F /* Assets.xcassets */,
				3FD5F7B021C7F18700024B5F /* LaunchScreen.storyboard */,
				3FD5F7B321C7F18700024B5F /* Info.plist */,
				3FD5F7AB21C7F18600024B5F /* SignedInTunes.xcdatamodeld */,
			);
			path = SignedInTunes;
			sourceTree = "<group>";
		};
		3FD5F7B921C7F34C00024B5F /* ViewController */ = {
			isa = PBXGroup;
			children = (
				3FD5F7A621C7F18600024B5F /* SignInViewController.swift */,
				3FD5F7BD21C7F3F200024B5F /* MusicTableViewController.h */,
				3FD5F7BE21C7F3F200024B5F /* MusicTableViewController.m */,
			);
			path = ViewController;
			sourceTree = "<group>";
		};
		3FD5F7C021C7F5AC00024B5F /* Manager */ = {
			isa = PBXGroup;
			children = (
				3FD5F7C121C7F5CA00024B5F /* WebserviceManager.h */,
				3FD5F7C221C7F5CA00024B5F /* WebserviceManager.m */,
				3FD5F7CD21C8022E00024B5F /* CoreDataManager.h */,
				3FD5F7CE21C8022E00024B5F /* CoreDataManager.m */,
			);
			path = Manager;
			sourceTree = "<group>";
		};
		3FD5F7C421C7F9E200024B5F /* Model */ = {
			isa = PBXGroup;
			children = (
				3FD5F7C521C7F9F600024B5F /* Album+CoreDataClass.swift */,
				3FD5F7C621C7F9F600024B5F /* Album+CoreDataProperties.swift */,
				3FD5F7C721C7F9F600024B5F /* User+CoreDataClass.swift */,
				3FD5F7C821C7F9F600024B5F /* User+CoreDataProperties.swift */,
			);
			path = Model;
			sourceTree = "<group>";
		};
		3FD5F7F521C80D3000024B5F /* ViewModel */ = {
			isa = PBXGroup;
			children = (
				3FD5F7F621C80D6A00024B5F /* MusicViewModel.swift */,
			);
			path = ViewModel;
			sourceTree = "<group>";
		};
/* End PBXGroup section */

/* Begin PBXNativeTarget section */
		3FD5F7A021C7F18600024B5F /* SignedInTunes */ = {
			isa = PBXNativeTarget;
			buildConfigurationList = 3FD5F7B621C7F18700024B5F /* Build configuration list for PBXNativeTarget "SignedInTunes" */;
			buildPhases = (
				3FD5F79D21C7F18600024B5F /* Sources */,
				3FD5F79E21C7F18600024B5F /* Frameworks */,
				3FD5F79F21C7F18600024B5F /* Resources */,
			);
			buildRules = (
			);
			dependencies = (
			);
			name = SignedInTunes;
			productName = SignedInTunes;
			productReference = 3FD5F7A121C7F18600024B5F /* SignedInTunes.app */;
			productType = "com.apple.product-type.application";
		};
/* End PBXNativeTarget section */

/* Begin PBXProject section */
		3FD5F79921C7F18600024B5F /* Project object */ = {
			isa = PBXProject;
			attributes = {
				LastSwiftUpdateCheck = 1000;
				LastUpgradeCheck = 1000;
				ORGANIZATIONNAME = "Kevin Yu";
				TargetAttributes = {
					3FD5F7A021C7F18600024B5F = {
						CreatedOnToolsVersion = 10.0;
						LastSwiftMigration = 1000;
					};
				};
			};
			buildConfigurationList = 3FD5F79C21C7F18600024B5F /* Build configuration list for PBXProject "SignedInTunes" */;
			compatibilityVersion = "Xcode 9.3";
			developmentRegion = en;
			hasScannedForEncodings = 0;
			knownRegions = (
				en,
				Base,
			);
			mainGroup = 3FD5F79821C7F18600024B5F;
			productRefGroup = 3FD5F7A221C7F18600024B5F /* Products */;
			projectDirPath = "";
			projectRoot = "";
			targets = (
				3FD5F7A021C7F18600024B5F /* SignedInTunes */,
			);
		};
/* End PBXProject section */

/* Begin PBXResourcesBuildPhase section */
		3FD5F79F21C7F18600024B5F /* Resources */ = {
			isa = PBXResourcesBuildPhase;
			buildActionMask = 2147483647;
			files = (
				3FD5F7B221C7F18700024B5F /* LaunchScreen.storyboard in Resources */,
				3FD5F7AF21C7F18700024B5F /* Assets.xcassets in Resources */,
				3FD5F7AA21C7F18600024B5F /* Main.storyboard in Resources */,
			);
			runOnlyForDeploymentPostprocessing = 0;
		};
/* End PBXResourcesBuildPhase section */

/* Begin PBXSourcesBuildPhase section */
		3FD5F79D21C7F18600024B5F /* Sources */ = {
			isa = PBXSourcesBuildPhase;
			buildActionMask = 2147483647;
			files = (
				3FD5F7AD21C7F18600024B5F /* SignedInTunes.xcdatamodeld in Sources */,
				3FD5F7BF21C7F3F200024B5F /* MusicTableViewController.m in Sources */,
				3FD5F7CF21C8022E00024B5F /* CoreDataManager.m in Sources */,
				3FD5F7A721C7F18600024B5F /* SignInViewController.swift in Sources */,
				3FD5F7A521C7F18600024B5F /* AppDelegate.swift in Sources */,
				3FD5F7C321C7F5CA00024B5F /* WebserviceManager.m in Sources */,
				3FD5F7CA21C7F9F600024B5F /* Album+CoreDataProperties.swift in Sources */,
				3FD5F7CB21C7F9F600024B5F /* User+CoreDataClass.swift in Sources */,
				3FD5F7C921C7F9F600024B5F /* Album+CoreDataClass.swift in Sources */,
				3FD5F7F721C80D6A00024B5F /* MusicViewModel.swift in Sources */,
				3FD5F7CC21C7F9F600024B5F /* User+CoreDataProperties.swift in Sources */,
			);
			runOnlyForDeploymentPostprocessing = 0;
		};
/* End PBXSourcesBuildPhase section */

/* Begin PBXVariantGroup section */
		3FD5F7A821C7F18600024B5F /* Main.storyboard */ = {
			isa = PBXVariantGroup;
			children = (
				3FD5F7A921C7F18600024B5F /* Base */,
			);
			name = Main.storyboard;
			sourceTree = "<group>";
		};
		3FD5F7B021C7F18700024B5F /* LaunchScreen.storyboard */ = {
			isa = PBXVariantGroup;
			children = (
				3FD5F7B121C7F18700024B5F /* Base */,
			);
			name = LaunchScreen.storyboard;
			sourceTree = "<group>";
		};
/* End PBXVariantGroup section */

/* Begin XCBuildConfiguration section */
		3FD5F7B421C7F18700024B5F /* Debug */ = {
			isa = XCBuildConfiguration;
			buildSettings = {
				ALWAYS_SEARCH_USER_PATHS = NO;
				CLANG_ANALYZER_NONNULL = YES;
				CLANG_ANALYZER_NUMBER_OBJECT_CONVERSION = YES_AGGRESSIVE;
				CLANG_CXX_LANGUAGE_STANDARD = "gnu++14";
				CLANG_CXX_LIBRARY = "libc++";
				CLANG_ENABLE_MODULES = YES;
				CLANG_ENABLE_OBJC_ARC = YES;
				CLANG_ENABLE_OBJC_WEAK = YES;
				CLANG_WARN_BLOCK_CAPTURE_AUTORELEASING = YES;
				CLANG_WARN_BOOL_CONVERSION = YES;
				CLANG_WARN_COMMA = YES;
				CLANG_WARN_CONSTANT_CONVERSION = YES;
				CLANG_WARN_DEPRECATED_OBJC_IMPLEMENTATIONS = YES;
				CLANG_WARN_DIRECT_OBJC_ISA_USAGE = YES_ERROR;
				CLANG_WARN_DOCUMENTATION_COMMENTS = YES;
				CLANG_WARN_EMPTY_BODY = YES;
				CLANG_WARN_ENUM_CONVERSION = YES;
				CLANG_WARN_INFINITE_RECURSION = YES;
				CLANG_WARN_INT_CONVERSION = YES;
				CLANG_WARN_NON_LITERAL_NULL_CONVERSION = YES;
				CLANG_WARN_OBJC_IMPLICIT_RETAIN_SELF = YES;
				CLANG_WARN_OBJC_LITERAL_CONVERSION = YES;
				CLANG_WARN_OBJC_ROOT_CLASS = YES_ERROR;
				CLANG_WARN_RANGE_LOOP_ANALYSIS = YES;
				CLANG_WARN_STRICT_PROTOTYPES = YES;
				CLANG_WARN_SUSPICIOUS_MOVE = YES;
				CLANG_WARN_UNGUARDED_AVAILABILITY = YES_AGGRESSIVE;
				CLANG_WARN_UNREACHABLE_CODE = YES;
				CLANG_WARN__DUPLICATE_METHOD_MATCH = YES;
				CODE_SIGN_IDENTITY = "iPhone Developer";
				COPY_PHASE_STRIP = NO;
				DEBUG_INFORMATION_FORMAT = dwarf;
				ENABLE_STRICT_OBJC_MSGSEND = YES;
				ENABLE_TESTABILITY = YES;
				GCC_C_LANGUAGE_STANDARD = gnu11;
				GCC_DYNAMIC_NO_PIC = NO;
				GCC_NO_COMMON_BLOCKS = YES;
				GCC_OPTIMIZATION_LEVEL = 0;
				GCC_PREPROCESSOR_DEFINITIONS = (
					"DEBUG=1",
					"$(inherited)",
				);
				GCC_WARN_64_TO_32_BIT_CONVERSION = YES;
				GCC_WARN_ABOUT_RETURN_TYPE = YES_ERROR;
				GCC_WARN_UNDECLARED_SELECTOR = YES;
				GCC_WARN_UNINITIALIZED_AUTOS = YES_AGGRESSIVE;
				GCC_WARN_UNUSED_FUNCTION = YES;
				GCC_WARN_UNUSED_VARIABLE = YES;
				IPHONEOS_DEPLOYMENT_TARGET = 12.0;
				MTL_ENABLE_DEBUG_INFO = INCLUDE_SOURCE;
				MTL_FAST_MATH = YES;
				ONLY_ACTIVE_ARCH = YES;
				SDKROOT = iphoneos;
				SWIFT_ACTIVE_COMPILATION_CONDITIONS = DEBUG;
				SWIFT_OPTIMIZATION_LEVEL = "-Onone";
			};
			name = Debug;
		};
		3FD5F7B521C7F18700024B5F /* Release */ = {
			isa = XCBuildConfiguration;
			buildSettings = {
				ALWAYS_SEARCH_USER_PATHS = NO;
				CLANG_ANALYZER_NONNULL = YES;
				CLANG_ANALYZER_NUMBER_OBJECT_CONVERSION = YES_AGGRESSIVE;
				CLANG_CXX_LANGUAGE_STANDARD = "gnu++14";
				CLANG_CXX_LIBRARY = "libc++";
				CLANG_ENABLE_MODULES = YES;
				CLANG_ENABLE_OBJC_ARC = YES;
				CLANG_ENABLE_OBJC_WEAK = YES;
				CLANG_WARN_BLOCK_CAPTURE_AUTORELEASING = YES;
				CLANG_WARN_BOOL_CONVERSION = YES;
				CLANG_WARN_COMMA = YES;
				CLANG_WARN_CONSTANT_CONVERSION = YES;
				CLANG_WARN_DEPRECATED_OBJC_IMPLEMENTATIONS = YES;
				CLANG_WARN_DIRECT_OBJC_ISA_USAGE = YES_ERROR;
				CLANG_WARN_DOCUMENTATION_COMMENTS = YES;
				CLANG_WARN_EMPTY_BODY = YES;
				CLANG_WARN_ENUM_CONVERSION = YES;
				CLANG_WARN_INFINITE_RECURSION = YES;
				CLANG_WARN_INT_CONVERSION = YES;
				CLANG_WARN_NON_LITERAL_NULL_CONVERSION = YES;
				CLANG_WARN_OBJC_IMPLICIT_RETAIN_SELF = YES;
				CLANG_WARN_OBJC_LITERAL_CONVERSION = YES;
				CLANG_WARN_OBJC_ROOT_CLASS = YES_ERROR;
				CLANG_WARN_RANGE_LOOP_ANALYSIS = YES;
				CLANG_WARN_STRICT_PROTOTYPES = YES;
				CLANG_WARN_SUSPICIOUS_MOVE = YES;
				CLANG_WARN_UNGUARDED_AVAILABILITY = YES_AGGRESSIVE;
				CLANG_WARN_UNREACHABLE_CODE = YES;
				CLANG_WARN__DUPLICATE_METHOD_MATCH = YES;
				CODE_SIGN_IDENTITY = "iPhone Developer";
				COPY_PHASE_STRIP = NO;
				DEBUG_INFORMATION_FORMAT = "dwarf-with-dsym";
				ENABLE_NS_ASSERTIONS = NO;
				ENABLE_STRICT_OBJC_MSGSEND = YES;
				GCC_C_LANGUAGE_STANDARD = gnu11;
				GCC_NO_COMMON_BLOCKS = YES;
				GCC_WARN_64_TO_32_BIT_CONVERSION = YES;
				GCC_WARN_ABOUT_RETURN_TYPE = YES_ERROR;
				GCC_WARN_UNDECLARED_SELECTOR = YES;
				GCC_WARN_UNINITIALIZED_AUTOS = YES_AGGRESSIVE;
				GCC_WARN_UNUSED_FUNCTION = YES;
				GCC_WARN_UNUSED_VARIABLE = YES;
				IPHONEOS_DEPLOYMENT_TARGET = 12.0;
				MTL_ENABLE_DEBUG_INFO = NO;
				MTL_FAST_MATH = YES;
				SDKROOT = iphoneos;
				SWIFT_COMPILATION_MODE = wholemodule;
				SWIFT_OPTIMIZATION_LEVEL = "-O";
				VALIDATE_PRODUCT = YES;
			};
			name = Release;
		};
		3FD5F7B721C7F18700024B5F /* Debug */ = {
			isa = XCBuildConfiguration;
			buildSettings = {
				ASSETCATALOG_COMPILER_APPICON_NAME = AppIcon;
				CLANG_ENABLE_MODULES = YES;
				CODE_SIGN_STYLE = Automatic;
				INFOPLIST_FILE = SignedInTunes/Info.plist;
				LD_RUNPATH_SEARCH_PATHS = (
					"$(inherited)",
					"@executable_path/Frameworks",
				);
				PRODUCT_BUNDLE_IDENTIFIER = KevinYu.SignedInTunes;
				PRODUCT_NAME = "$(TARGET_NAME)";
				SWIFT_OBJC_BRIDGING_HEADER = "SignedInTunes/SignedInTunes-Bridging-Header.h";
				SWIFT_OPTIMIZATION_LEVEL = "-Onone";
				SWIFT_VERSION = 4.2;
				TARGETED_DEVICE_FAMILY = "1,2";
			};
			name = Debug;
		};
		3FD5F7B821C7F18700024B5F /* Release */ = {
			isa = XCBuildConfiguration;
			buildSettings = {
				ASSETCATALOG_COMPILER_APPICON_NAME = AppIcon;
				CLANG_ENABLE_MODULES = YES;
				CODE_SIGN_STYLE = Automatic;
				INFOPLIST_FILE = SignedInTunes/Info.plist;
				LD_RUNPATH_SEARCH_PATHS = (
					"$(inherited)",
					"@executable_path/Frameworks",
				);
				PRODUCT_BUNDLE_IDENTIFIER = KevinYu.SignedInTunes;
				PRODUCT_NAME = "$(TARGET_NAME)";
				SWIFT_OBJC_BRIDGING_HEADER = "SignedInTunes/SignedInTunes-Bridging-Header.h";
				SWIFT_VERSION = 4.2;
				TARGETED_DEVICE_FAMILY = "1,2";
			};
			name = Release;
		};
/* End XCBuildConfiguration section */

/* Begin XCConfigurationList section */
		3FD5F79C21C7F18600024B5F /* Build configuration list for PBXProject "SignedInTunes" */ = {
			isa = XCConfigurationList;
			buildConfigurations = (
				3FD5F7B421C7F18700024B5F /* Debug */,
				3FD5F7B521C7F18700024B5F /* Release */,
			);
			defaultConfigurationIsVisible = 0;
			defaultConfigurationName = Release;
		};
		3FD5F7B621C7F18700024B5F /* Build configuration list for PBXNativeTarget "SignedInTunes" */ = {
			isa = XCConfigurationList;
			buildConfigurations = (
				3FD5F7B721C7F18700024B5F /* Debug */,
				3FD5F7B821C7F18700024B5F /* Release */,
			);
			defaultConfigurationIsVisible = 0;
			defaultConfigurationName = Release;
		};
/* End XCConfigurationList section */

/* Begin XCVersionGroup section */
		3FD5F7AB21C7F18600024B5F /* SignedInTunes.xcdatamodeld */ = {
			isa = XCVersionGroup;
			children = (
				3FD5F7AC21C7F18600024B5F /* SignedInTunes.xcdatamodel */,
			);
			currentVersion = 3FD5F7AC21C7F18600024B5F /* SignedInTunes.xcdatamodel */;
			path = SignedInTunes.xcdatamodeld;
			sourceTree = "<group>";
			versionGroupType = wrapper.xcdatamodel;
		};
/* End XCVersionGroup section */
	};
	rootObject = 3FD5F79921C7F18600024B5F /* Project object */;
}
